
Microsoft Visual Studio Solution File, Format Version 12.00
# Visual Studio 15
VisualStudioVersion = 15.0.27703.2000
MinimumVisualStudioVersion = 10.0.40219.1
Project("{888888A0-9F3D-457C-B088-3A5042F75D52}") = "getting_started_TF", "getting_started_TF.pyproj", "{4CFA0CD0-FCC6-4B35-903C-89FF98D9B2F4}"
EndProject
Global
	GlobalSection(SolutionConfigurationPlatforms) = preSolution
		Debug|Any CPU = Debug|Any CPU
		Release|Any CPU = Release|Any CPU
	EndGlobalSection
	GlobalSection(ProjectConfigurationPlatforms) = postSolution
		{4CFA0CD0-FCC6-4B35-903C-89FF98D9B2F4}.Debug|Any CPU.ActiveCfg = Debug|Any CPU
		{4CFA0CD0-FCC6-4B35-903C-89FF98D9B2F4}.Release|Any CPU.ActiveCfg = Release|Any CPU
	EndGlobalSection
	GlobalSection(SolutionProperties) = preSolution
		HideSolutionNode = FALSE
	EndGlobalSection
	GlobalSection(ExtensibilityGlobals) = postSolution
		SolutionGuid = {70419E0A-9A10-4012-97A7-2CB3D79B9486}
	EndGlobalSection
EndGlobal
